hash: 1d722bd7b057c2f8fd2318482531a311e0ddac38ef0a4e69f07165067d441f69
updated: 2021-05-20T17:25:57.736808-04:00
imports:
- name: github.com/afex/hystrix-go
  version: fa1af6a1f4f56e0e50d427fe901cd604d8c6fb8a
  subpackages:
  - hystrix
  - hystrix/metric_collector
  - hystrix/rolling
- name: github.com/anmitsu/go-shlex
  version: 648efa622239a2f6ff949fed78ee37b48d499ba4
- name: github.com/beorn7/perks
  version: 37c8de3658fcb183f997c4e13e8337516ab753e6
  subpackages:
  - quantile
- name: github.com/buger/jsonparser
  version: 09bcf22e90f420e8506eb6b88274a22775e389be
- name: github.com/davecgh/go-spew
  version: d8f796af33cc11cb798c1aaeb27a4ebc5099927d
  subpackages:
  - spew
- name: github.com/emicklei/proto
  version: 448b4e8774b8d616587db61d62bbb75bbf89bc39
- name: github.com/fatih/structtag
  version: 72c94723f1e6825195e0d8e9857fca28cd23d835
- name: github.com/ghodss/yaml
  version: 25d852aebe32c875e9c044af3eef9c7dc6bc777f
- name: github.com/gogo/googleapis
  version: d31c731455cb061f42baff3bda55bad0118b126b
  subpackages:
  - google/rpc
- name: github.com/gogo/protobuf
  version: ba06b47c162d49f2af050fb4c75bcbc86a159d5c
  subpackages:
  - gogoproto
  - jsonpb
  - plugin/compare
  - plugin/defaultcheck
  - plugin/description
  - plugin/embedcheck
  - plugin/enumstringer
  - plugin/equal
  - plugin/face
  - plugin/gostring
  - plugin/marshalto
  - plugin/oneofcheck
  - plugin/populate
  - plugin/size
  - plugin/stringer
  - plugin/testgen
  - plugin/union
  - plugin/unmarshal
  - proto
  - protoc-gen-gogo/descriptor
  - protoc-gen-gogo/generator
  - protoc-gen-gogo/generator/internal/remap
  - protoc-gen-gogo/grpc
  - protoc-gen-gogo/plugin
  - protoc-gen-gogoslick
  - sortkeys
  - types
  - vanity
  - vanity/command
- name: github.com/gogo/status
  version: 935308aef7372e7685e8fbee162aae8f7a7e515a
- name: github.com/golang/mock
  version: a23c5e7c8f7bb73c8ae5d8711815bbd30f3cfac8
  subpackages:
  - gomock
  - mockgen/model
- name: github.com/golang/protobuf
  version: ae97035608a719c7a1c1c41bed0ae0744bdb0c6f
  subpackages:
  - proto
  - ptypes
  - ptypes/any
  - ptypes/duration
  - ptypes/timestamp
- name: github.com/google/uuid
  version: 512b657a42880af87e9f0d863aa6dccf3540d4ba
- name: github.com/jessevdk/go-flags
  version: c0795c8afcf41dd1d786bebce68636c199b3bb45
- name: github.com/josharian/intern
  version: a140101e2404c737ca154f12ac2a9d1cc161aee6
- name: github.com/jteeuwen/go-bindata
  version: 6025e8de665b31fa74ab1a66f2cddd8c0abf887e
- name: github.com/kardianos/osext
  version: 2bc1f35cddc0cc527b4bc3dce8578fc2a6c11384
- name: github.com/kisielk/errcheck
  version: 98b1bd1016b623809ed6abd1351bc03e08859080
- name: github.com/kisielk/gotool
  version: 80517062f582ea3340cd4baf70e86d539ae7d84d
- name: github.com/mailru/easyjson
  version: c120ca7ced6051261161ce15e8f1542a4b2567fc
  subpackages:
  - bootstrap
  - buffer
  - gen
  - jlexer
  - jwriter
  - parser
- name: github.com/matttproud/golang_protobuf_extensions
  version: c182affec369e30f25d3eb8cd8a478dee585ae7d
  subpackages:
  - pbutil
- name: github.com/mcuadros/go-jsonschema-generator
  version: 821f57ef6082dacf56d3354643f2ef36e06ebf29
- name: github.com/mitchellh/mapstructure
  version: 4664f9ee512b4dfa71b501c4960d469c205b2cf1
- name: github.com/opentracing/opentracing-go
  version: d34af3eaa63c4d08ab54863a4bdd0daa45212e12
  subpackages:
  - ext
  - log
- name: github.com/pborman/uuid
  version: 5b6091a6a160ee5ce12917b21ab96acec2a4fdc0
- name: github.com/pkg/errors
  version: 614d223910a179a466c1767a985424175c39b465
- name: github.com/pmezard/go-difflib
  version: 5d4384ee4fb2527b0a1256a821ebfc92f91efefc
  subpackages:
  - difflib
- name: github.com/prometheus/client_golang
  version: c5b7fccd204277076155f10851dad72b76a49317
  subpackages:
  - prometheus
  - prometheus/internal
  - prometheus/promhttp
- name: github.com/prometheus/client_model
  version: 0255a22d35ad5661ef7aa89c95fdf5dfd685283f
  subpackages:
  - go
- name: github.com/prometheus/common
  version: f45215cb5711443fffd211cab7671b268245c4a1
  subpackages:
  - expfmt
  - internal/bitbucket.org/ww/goautoneg
  - model
- name: github.com/prometheus/procfs
  version: 8a055596020d692cf491851e47ba3e302d9f90ce
  subpackages:
  - internal/fs
  - internal/util
- name: github.com/sergi/go-diff
  version: 0a651d56613f9de4bed8b9c4769b776ef168bfca
  subpackages:
  - diffmatchpatch
- name: github.com/stretchr/testify
  version: acba37e5db06f0093b465a7d47822bf13644b66c
  subpackages:
  - assert
  - require
  - suite
- name: github.com/twmb/murmur3
  version: 610077ff6fd864908e4604f64b6c0fc000aa6232
- name: github.com/uber-go/mapdecode
  version: 718b4994083e432669f44a00174c5f1bcdb1434d
  subpackages:
  - internal/mapstructure
- name: github.com/uber-go/tally
  version: e322209ae5084310b32a2aeb27dedffe07a042c7
  subpackages:
  - internal/identity
  - m3
  - m3/customtransports
  - m3/thrift/v1
  - m3/thrift/v2
  - m3/thriftudp
  - thirdparty/github.com/apache/thrift/lib/go/thrift
- name: github.com/uber/jaeger-client-go
  version: 049c226d206a6d9e1c0d47c93991275d0698ee9e
  subpackages:
  - config
  - internal/baggage
  - internal/baggage/remote
  - internal/reporterstats
  - internal/spanlog
  - internal/throttler
  - internal/throttler/remote
  - log
  - rpcmetrics
  - testutils
  - thrift
  - thrift-gen/agent
  - thrift-gen/baggage
  - thrift-gen/jaeger
  - thrift-gen/sampling
  - thrift-gen/zipkincore
  - transport
  - utils
- name: github.com/uber/jaeger-lib
  version: 19c1561a544f618cb465213b043f67103c09107b
  subpackages:
  - metrics
  - metrics/tally
- name: github.com/uber/tchannel-go
  version: 3067a440f561dcdf7c8f62a156eed11c79415211
  subpackages:
  - internal/argreader
  - relay
  - testutils/testreader
  - thrift/arg2
  - tnet
  - tos
  - trand
  - typed
- name: go.uber.org/atomic
  version: 12f27ba2637fa0e13772a4f05fa46a5d18d53182
- name: go.uber.org/automaxprocs
  version: 1c8b231f48676bf2bbe1ec84e8b7551e65a2005e
  subpackages:
  - internal/runtime
  - maxprocs
- name: go.uber.org/config
  version: c917157c9ba905e1c93f74a2611bc4356abe94d0
- name: go.uber.org/dig
  version: 627535aad4ae507da807d9e0ff981fc30b5057bb
  subpackages:
  - internal/digreflect
  - internal/dot
- name: go.uber.org/fx
  version: 59a183861aa53b677f71e15ab8580e0c3be0148b
  subpackages:
  - internal/fxlog
  - internal/fxreflect
  - internal/lifecycle
- name: go.uber.org/multierr
  version: a5cd5509686189240486545be669e1dff9b98dcf
- name: go.uber.org/net/metrics
  version: 1b0dba5372807d15069c48adcf7d2ee974d3aa40
  subpackages:
  - bucket
  - push
  - tallypush
- name: go.uber.org/thriftrw
  version: ceb80180659f6bc0f1bc0eca422000bd54fbc0ad
  subpackages:
  - ast
  - compile
  - gen
  - idl
  - idl/internal
  - internal/concurrent
  - internal/curry
  - internal/envelope
  - internal/envelope/exception
  - internal/frame
  - internal/goast
  - internal/multiplex
  - internal/plugin
  - internal/process
  - plugin/api
  - protocol
  - protocol/binary
  - ptr
  - thriftreflect
  - version
  - wire
- name: go.uber.org/yarpc
  version: 6db23344adffc7f876d40f877593e87165483ff8
  subpackages:
  - api/backoff
  - api/encoding
  - api/middleware
  - api/peer
  - api/transport
  - api/x/introspection
  - encoding/protobuf
  - encoding/protobuf/reflection
  - internal
  - internal/backoff
  - internal/bufferpool
  - internal/config
  - internal/digester
  - internal/errorsync
  - internal/firstoutboundmiddleware
  - internal/grpcerrorcodes
  - internal/humanize
  - internal/inboundcall
  - internal/inboundmiddleware
  - internal/interpolate
  - internal/introspection
  - internal/observability
  - internal/outboundmiddleware
  - internal/request
  - internal/yarpcerrors
  - peer
  - peer/abstractpeer
  - peer/hostport
  - pkg/encoding
  - pkg/errors
  - pkg/lifecycle
  - pkg/procedure
  - transport/grpc
  - yarpcconfig
  - yarpcerrors
- name: go.uber.org/zap
  version: 404189cf44aea95b0cd9bddcb0242dd4cf88c510
  subpackages:
  - buffer
  - internal/bufferpool
  - internal/color
  - internal/exit
  - zapcore
  - zaptest/observer
- name: golang.org/x/mod
  version: 6088ed88cecdb6949a45310db6d96d8fcbe88ef6
  subpackages:
  - module
  - semver
- name: golang.org/x/net
  version: 37e1c6afe02340126705deced573a85ab75209d7
  subpackages:
  - bpf
  - context
  - http/httpguts
  - http2
  - http2/hpack
  - idna
  - internal/iana
  - internal/socket
  - internal/timeseries
  - ipv4
  - ipv6
  - trace
- name: golang.org/x/sys
  version: e8d321eab015fdac193488ca80676aafc248f81d
  subpackages:
  - unix
  - windows
- name: golang.org/x/text
  version: 5c7c50ebbd4f5b0d53b9b2fcdbeb92ffb732a06e
  subpackages:
  - secure/bidirule
  - transform
  - unicode/bidi
  - unicode/norm
- name: golang.org/x/tools
  version: 2275bb55e0a98d1b5e11fd4716cda6a4870aa3cc
  subpackages:
  - cmd/goimports
- name: golang.org/x/xerrors
  version: 5ec99f83aff198f5fbd629d6c8d8eb38a04218ca
- name: google.golang.org/genproto
  version: 290a1ae68a053b20ff443c29ec61901fe614577f
  subpackages:
  - googleapis/rpc/status
- name: google.golang.org/grpc
  version: 0257c8657362b76f24e7a8cfb61df48d4cb735d3
  repo: https://github.com/grpc/grpc-go
  subpackages:
  - attributes
  - backoff
  - balancer
  - balancer/base
  - balancer/grpclb/state
  - balancer/roundrobin
  - binarylog/grpc_binarylog_v1
  - codes
  - connectivity
  - credentials
  - encoding
  - encoding/proto
  - grpclog
  - internal
  - internal/backoff
  - internal/balancerload
  - internal/binarylog
  - internal/buffer
  - internal/channelz
  - internal/credentials
  - internal/envconfig
  - internal/grpclog
  - internal/grpcrand
  - internal/grpcsync
  - internal/grpcutil
  - internal/metadata
  - internal/resolver
  - internal/resolver/dns
  - internal/resolver/passthrough
  - internal/resolver/unix
  - internal/serviceconfig
  - internal/status
  - internal/syscall
  - internal/transport
  - internal/transport/networktype
  - keepalive
  - metadata
  - peer
  - resolver
  - serviceconfig
  - stats
  - status
  - tap
- name: google.golang.org/protobuf
  version: 50a85913fbcec0c39c38fc78fb8555c84509e411
  subpackages:
  - encoding/prototext
  - encoding/protowire
  - internal/descfmt
  - internal/descopts
  - internal/detrand
  - internal/encoding/defval
  - internal/encoding/messageset
  - internal/encoding/tag
  - internal/encoding/text
  - internal/errors
  - internal/filedesc
  - internal/filetype
  - internal/flags
  - internal/genid
  - internal/impl
  - internal/order
  - internal/pragma
  - internal/set
  - internal/strs
  - internal/version
  - proto
  - reflect/protodesc
  - reflect/protoreflect
  - reflect/protoregistry
  - runtime/protoiface
  - runtime/protoimpl
  - types/descriptorpb
  - types/known/anypb
  - types/known/durationpb
  - types/known/timestamppb
- name: gopkg.in/validator.v2
  version: b37d688a7fb031f65ee73a8fac0ce7c5db6172b0
- name: gopkg.in/yaml.v2
  version: 7649d4548cb53a614db133b2a8ac1f31859dda8c
- name: gopkg.in/yaml.v3
  version: 496545a6307b2a7d7a710fd516e5e16e8ab62dbc
- name: honnef.co/go/tools
  version: e3ad64cb4ed3e25a30bf42def711f9cb5b004f72
  subpackages:
  - cmd/staticcheck
testImports: []
