hash: a4bb0649dd2dd0a9ec66a79a98af31a978488839baf2de9f643480f1cc5b4b8c
updated: 2017-02-13T19:07:17.542188056-08:00
imports:
- name: github.com/apache/thrift
  version: 9549b25c77587b29be4e0b5c258221a4ed85d37a
  subpackages:
  - lib/go/thrift
- name: github.com/buger/jsonparser
  version: 5b691c8ebc4af5191baa426561d62f1b5115d6e5
- name: github.com/cactus/go-statsd-client
  version: 91c326c3f7bd20f0226d3d1c289dd9f8ce28d33d
  subpackages:
  - statsd
- name: github.com/davecgh/go-spew
  version: 346938d642f2ec3594ed81d874461961cd0faa76
  subpackages:
  - spew
- name: github.com/facebookgo/clock
  version: 600d898af40aa09a7a93ecb9265d87b0504b6f03
- name: github.com/julienschmidt/httprouter
  version: 8c199fb6259ffc1af525cc3ad52ee60ba8359669
- name: github.com/kardianos/osext
  version: c2c54e542fb797ad986b31721e1baedf214ca413
- name: github.com/mailru/easyjson
  version: 9d6630dc8c577b56cb9687a9cf9e8578aca7298a
  subpackages:
  - bootstrap
  - buffer
  - gen
  - jlexer
  - jwriter
  - parser
- name: github.com/opentracing/opentracing-go
  version: 6edb48674bd9467b8e91fda004f2bd7202d60ce4
  subpackages:
  - ext
  - log
- name: github.com/pkg/errors
  version: 645ef00459ed84a119197bfb8d8205042c6df63d
- name: github.com/pmezard/go-difflib
  version: 792786c7400a136282c1664665ae0a8db921c6c2
  subpackages:
  - difflib
- name: github.com/Sirupsen/logrus
  version: 61e43dc76f7ee59a82bdf3d71033dc12bea4c77d
- name: github.com/stretchr/testify
  version: d77da356e56a7428ad25149ca77381849a6a5232
  subpackages:
  - assert
  - require
- name: github.com/uber-common/bark
  version: 8841a0f8e7ca869284ccb29c08a14cf3f4310f46
- name: github.com/uber-go/atomic
  version: 0c9e689d64f004564b79d9a663634756df322902
- name: github.com/uber-go/tally
  version: 19715ce22dfc24b4fb4019f8606ce7f2d5b0304f
  subpackages:
  - m3
  - m3/customtransports
  - m3/idgeneration
  - m3/pool
  - m3/thrift
  - m3/thriftudp
- name: github.com/uber-go/zap
  version: a5783ee4b216a927da8f839c45cfbf9d694e1467
- name: github.com/uber/tchannel-go
  version: 79387824978f91318be3bfb43ae12e04c38cfe97
  subpackages:
  - internal/argreader
  - relay
  - tnet
  - trand
  - typed
- name: go.uber.org/thriftrw
  version: b023316084b4c85403a82782d4ffeff89b09cceb
  subpackages:
  - ast
  - compile
  - idl
  - idl/internal
  - wire
- name: golang.org/x/net
  version: a689eb3bc4b53af70390acc3cf68c9f549b6b8d6
  subpackages:
  - context
- name: golang.org/x/sys
  version: d75a52659825e75fff6158388dddc6a5b04f9ba5
  subpackages:
  - unix
- name: gopkg.in/validator.v2
  version: 3e4f037f12a1221a0864cf0dd2e81c452ab22448
- name: gopkg.in/yaml.v2
  version: a83829b6f1293c91addabc89d0571c246397bbf4
testImports: []
